// !$*UTF8*$!
{
	archiveVersion = 1;
	classes = {
	};
	objectVersion = 56;
	objects = {

/* Begin PBXFileReference section */
		909B52D6290A724D00C584C6 /* index.html */ = {isa = PBXFileReference; lastKnownFileType = text.html; path = index.html; sourceTree = "<group>"; };
		909B52D8290A724D00C584C6 /* index.html */ = {isa = PBXFileReference; lastKnownFileType = text.html; path = index.html; sourceTree = "<group>"; };
		909B52D9290A9C2700C584C6 /* css.css */ = {isa = PBXFileReference; lastKnownFileType = text.css; path = css.css; sourceTree = "<group>"; };
		909B52DB290AA2B200C584C6 /* index.html */ = {isa = PBXFileReference; lastKnownFileType = text.html; path = index.html; sourceTree = "<group>"; };
		909B52DD290AA6C500C584C6 /* index.html */ = {isa = PBXFileReference; lastKnownFileType = text.html; path = index.html; sourceTree = "<group>"; };
/* End PBXFileReference section */

/* Begin PBXGroup section */
		909B52D5290A724D00C584C6 /* doc */ = {
			isa = PBXGroup;
			children = (
				909B52D9290A9C2700C584C6 /* css.css */,
				909B52D6290A724D00C584C6 /* index.html */,
				909B52DA290AA2B200C584C6 /* bleedkeyword */,
				909B52DC290AA6C500C584C6 /* rangefor */,
				909B52D7290A724D00C584C6 /* throwaway */,
			);
			name = doc;
			path = ../doc;
			sourceTree = "<group>";
		};
		909B52D7290A724D00C584C6 /* throwaway */ = {
			isa = PBXGroup;
			children = (
				909B52D8290A724D00C584C6 /* index.html */,
			);
			path = throwaway;
			sourceTree = "<group>";
		};
		909B52DA290AA2B200C584C6 /* bleedkeyword */ = {
			isa = PBXGroup;
			children = (
				909B52DB290AA2B200C584C6 /* index.html */,
			);
			path = bleedkeyword;
			sourceTree = "<group>";
		};
		909B52DC290AA6C500C584C6 /* rangefor */ = {
			isa = PBXGroup;
			children = (
				909B52DD290AA6C500C584C6 /* index.html */,
			);
			path = rangefor;
			sourceTree = "<group>";
		};
		90D8235B2909BA3C009954A9 = {
			isa = PBXGroup;
			children = (
				909B52D5290A724D00C584C6 /* doc */,
			);
			sourceTree = "<group>";
		};
/* End PBXGroup section */

/* Begin PBXProject section */
		90D8235C2909BA3C009954A9 /* Project object */ = {
			isa = PBXProject;
			attributes = {
				BuildIndependentTargetsInParallel = 1;
				LastUpgradeCheck = 1410;
			};
			buildConfigurationList = 90D8235F2909BA3C009954A9 /* Build configuration list for PBXProject "NAL" */;
			compatibilityVersion = "Xcode 14.0";
			developmentRegion = en;
			hasScannedForEncodings = 0;
			knownRegions = (
				en,
				Base,
			);
			mainGroup = 90D8235B2909BA3C009954A9;
			projectDirPath = "";
			projectRoot = "";
			targets = (
			);
		};
/* End PBXProject section */

/* Begin XCBuildConfiguration section */
		90D823602909BA3C009954A9 /* Debug */ = {
			isa = XCBuildConfiguration;
			buildSettings = {
			};
			name = Debug;
		};
		90D823612909BA3C009954A9 /* Release */ = {
			isa = XCBuildConfiguration;
			buildSettings = {
			};
			name = Release;
		};
/* End XCBuildConfiguration section */

/* Begin XCConfigurationList section */
		90D8235F2909BA3C009954A9 /* Build configuration list for PBXProject "NAL" */ = {
			isa = XCConfigurationList;
			buildConfigurations = (
				90D823602909BA3C009954A9 /* Debug */,
				90D823612909BA3C009954A9 /* Release */,
			);
			defaultConfigurationIsVisible = 0;
			defaultConfigurationName = Release;
		};
/* End XCConfigurationList section */
	};
	rootObject = 90D8235C2909BA3C009954A9 /* Project object */;
}
